
Microsoft Visual Studio Solution File, Format Version 12.00
# Visual Studio Version 17
VisualStudioVersion = 17.12.35527.113
MinimumVisualStudioVersion = 10.0.40219.1
Project("{FAE04EC0-301F-11D3-BF4B-00C04F79EFBC}") = "BuildSphere.Services", "BuildSphere.Services.csproj", "{942CA058-FD7D-4F72-AD7B-662954CD2EEA}"
EndProject
Project("{FAE04EC0-301F-11D3-BF4B-00C04F79EFBC}") = "BuildSphere.Core", "..\BuildSphere.Core\BuildSphere.Core.csproj", "{ECE450EA-8E04-42BC-B55F-91D0A4AF3DFD}"
	ProjectSection(ProjectDependencies) = postProject
		{11F7C680-F9CF-4E73-A083-5B86C2EDA446} = {11F7C680-F9CF-4E73-A083-5B86C2EDA446}
	EndProjectSection
EndProject
Project("{FAE04EC0-301F-11D3-BF4B-00C04F79EFBC}") = "BuildSphere.Data", "..\BuildSphere.Data\BuildSphere.Data.csproj", "{11F7C680-F9CF-4E73-A083-5B86C2EDA446}"
EndProject
Project("{FAE04EC0-301F-11D3-BF4B-00C04F79EFBC}") = "BuildSphere.Tests", "..\BuildSphere.Tests\BuildSphere.Tests.csproj", "{6065AF9F-34A6-405B-ADBB-35A432CF71E2}"
EndProject
Global
	GlobalSection(SolutionConfigurationPlatforms) = preSolution
		Debug|Any CPU = Debug|Any CPU
		Release|Any CPU = Release|Any CPU
	EndGlobalSection
	GlobalSection(ProjectConfigurationPlatforms) = postSolution
		{942CA058-FD7D-4F72-AD7B-662954CD2EEA}.Debug|Any CPU.ActiveCfg = Debug|Any CPU
		{942CA058-FD7D-4F72-AD7B-662954CD2EEA}.Debug|Any CPU.Build.0 = Debug|Any CPU
		{942CA058-FD7D-4F72-AD7B-662954CD2EEA}.Release|Any CPU.ActiveCfg = Release|Any CPU
		{942CA058-FD7D-4F72-AD7B-662954CD2EEA}.Release|Any CPU.Build.0 = Release|Any CPU
		{ECE450EA-8E04-42BC-B55F-91D0A4AF3DFD}.Debug|Any CPU.ActiveCfg = Debug|Any CPU
		{ECE450EA-8E04-42BC-B55F-91D0A4AF3DFD}.Debug|Any CPU.Build.0 = Debug|Any CPU
		{ECE450EA-8E04-42BC-B55F-91D0A4AF3DFD}.Release|Any CPU.ActiveCfg = Release|Any CPU
		{ECE450EA-8E04-42BC-B55F-91D0A4AF3DFD}.Release|Any CPU.Build.0 = Release|Any CPU
		{11F7C680-F9CF-4E73-A083-5B86C2EDA446}.Debug|Any CPU.ActiveCfg = Debug|Any CPU
		{11F7C680-F9CF-4E73-A083-5B86C2EDA446}.Debug|Any CPU.Build.0 = Debug|Any CPU
		{11F7C680-F9CF-4E73-A083-5B86C2EDA446}.Release|Any CPU.ActiveCfg = Release|Any CPU
		{11F7C680-F9CF-4E73-A083-5B86C2EDA446}.Release|Any CPU.Build.0 = Release|Any CPU
		{6065AF9F-34A6-405B-ADBB-35A432CF71E2}.Debug|Any CPU.ActiveCfg = Debug|Any CPU
		{6065AF9F-34A6-405B-ADBB-35A432CF71E2}.Debug|Any CPU.Build.0 = Debug|Any CPU
		{6065AF9F-34A6-405B-ADBB-35A432CF71E2}.Release|Any CPU.ActiveCfg = Release|Any CPU
		{6065AF9F-34A6-405B-ADBB-35A432CF71E2}.Release|Any CPU.Build.0 = Release|Any CPU
	EndGlobalSection
	GlobalSection(SolutionProperties) = preSolution
		HideSolutionNode = FALSE
	EndGlobalSection
EndGlobal
