
Microsoft Visual Studio Solution File, Format Version 12.00
# Visual Studio Version 17
VisualStudioVersion = 17.12.35527.113 d17.12
MinimumVisualStudioVersion = 10.0.40219.1
Project("{FAE04EC0-301F-11D3-BF4B-00C04F79EFBC}") = "BuildSphere.Services", "BuildSphere.Services.csproj", "{942CA058-FD7D-4F72-AD7B-662954CD2EEA}"
EndProject
Global
	GlobalSection(SolutionConfigurationPlatforms) = preSolution
		Debug|Any CPU = Debug|Any CPU
		Release|Any CPU = Release|Any CPU
	EndGlobalSection
	GlobalSection(ProjectConfigurationPlatforms) = postSolution
		{942CA058-FD7D-4F72-AD7B-662954CD2EEA}.Debug|Any CPU.ActiveCfg = Debug|Any CPU
		{942CA058-FD7D-4F72-AD7B-662954CD2EEA}.Debug|Any CPU.Build.0 = Debug|Any CPU
		{942CA058-FD7D-4F72-AD7B-662954CD2EEA}.Release|Any CPU.ActiveCfg = Release|Any CPU
		{942CA058-FD7D-4F72-AD7B-662954CD2EEA}.Release|Any CPU.Build.0 = Release|Any CPU
	EndGlobalSection
	GlobalSection(SolutionProperties) = preSolution
		HideSolutionNode = FALSE
	EndGlobalSection
EndGlobal
